// !$*UTF8*$!
{
	archiveVersion = 1;
	classes = {
	};
	objectVersion = 50;
	objects = {

/* Begin PBXBuildFile section */
		CF5744012189E94F00AC0C1F /* ReverseInteger.swift in Sources */ = {isa = PBXBuildFile; fileRef = CF5744002189E94F00AC0C1F /* ReverseInteger.swift */; };
		CF8951A72180586100568F2F /* AppDelegate.swift in Sources */ = {isa = PBXBuildFile; fileRef = CF8951A62180586100568F2F /* AppDelegate.swift */; };
		CF8951A92180586100568F2F /* ViewController.swift in Sources */ = {isa = PBXBuildFile; fileRef = CF8951A82180586100568F2F /* ViewController.swift */; };
		CF8951AC2180586100568F2F /* Main.storyboard in Resources */ = {isa = PBXBuildFile; fileRef = CF8951AA2180586100568F2F /* Main.storyboard */; };
		CF8951AE2180586400568F2F /* Assets.xcassets in Resources */ = {isa = PBXBuildFile; fileRef = CF8951AD2180586400568F2F /* Assets.xcassets */; };
		CF8951B12180586400568F2F /* LaunchScreen.storyboard in Resources */ = {isa = PBXBuildFile; fileRef = CF8951AF2180586400568F2F /* LaunchScreen.storyboard */; };
		CF8951BC2180586500568F2F /* LTSwiftAlgorithmTests.swift in Sources */ = {isa = PBXBuildFile; fileRef = CF8951BB2180586500568F2F /* LTSwiftAlgorithmTests.swift */; };
		CF8951C72180586500568F2F /* LTSwiftAlgorithmUITests.swift in Sources */ = {isa = PBXBuildFile; fileRef = CF8951C62180586500568F2F /* LTSwiftAlgorithmUITests.swift */; };
		CF8951D5218059AE00568F2F /* TwoSum.swift in Sources */ = {isa = PBXBuildFile; fileRef = CF8951D4218059AE00568F2F /* TwoSum.swift */; };
		CF8951DA2180609D00568F2F /* AddTwoNumbers.swift in Sources */ = {isa = PBXBuildFile; fileRef = CF8951D92180609D00568F2F /* AddTwoNumbers.swift */; };
		CF8951DC2180619800568F2F /* LeetcodeSolution.swift in Sources */ = {isa = PBXBuildFile; fileRef = CF8951DB2180619800568F2F /* LeetcodeSolution.swift */; };
		CF8951DE2180657400568F2F /* LongestSubStringWithoutRepeatCharacter.swift in Sources */ = {isa = PBXBuildFile; fileRef = CF8951DD2180657400568F2F /* LongestSubStringWithoutRepeatCharacter.swift */; };
		CF8951E02183230700568F2F /* MedianOfTwoSortedArrays.swift in Sources */ = {isa = PBXBuildFile; fileRef = CF8951DF2183230700568F2F /* MedianOfTwoSortedArrays.swift */; };
		CF8951E22186DDA700568F2F /* LongestPalindromicSubstring.swift in Sources */ = {isa = PBXBuildFile; fileRef = CF8951E12186DDA700568F2F /* LongestPalindromicSubstring.swift */; };
		CF8951E421870D4D00568F2F /* ZigZagConversion.swift in Sources */ = {isa = PBXBuildFile; fileRef = CF8951E321870D4D00568F2F /* ZigZagConversion.swift */; };
		CFB23298218B443100267D4E /* PalindromeNumber.swift in Sources */ = {isa = PBXBuildFile; fileRef = CFB23297218B443100267D4E /* PalindromeNumber.swift */; };
		CFB2329A218B465E00267D4E /* RomanToInteger.swift in Sources */ = {isa = PBXBuildFile; fileRef = CFB23299218B465E00267D4E /* RomanToInteger.swift */; };
/* End PBXBuildFile section */

/* Begin PBXContainerItemProxy section */
		CF8951B82180586500568F2F /* PBXContainerItemProxy */ = {
			isa = PBXContainerItemProxy;
			containerPortal = CF89519B2180586100568F2F /* Project object */;
			proxyType = 1;
			remoteGlobalIDString = CF8951A22180586100568F2F;
			remoteInfo = LTSwiftAlgorithm;
		};
		CF8951C32180586500568F2F /* PBXContainerItemProxy */ = {
			isa = PBXContainerItemProxy;
			containerPortal = CF89519B2180586100568F2F /* Project object */;
			proxyType = 1;
			remoteGlobalIDString = CF8951A22180586100568F2F;
			remoteInfo = LTSwiftAlgorithm;
		};
/* End PBXContainerItemProxy section */

/* Begin PBXFileReference section */
		CF5744002189E94F00AC0C1F /* ReverseInteger.swift */ = {isa = PBXFileReference; lastKnownFileType = sourcecode.swift; path = ReverseInteger.swift; sourceTree = "<group>"; };
		CF8951A32180586100568F2F /* LTSwiftAlgorithm.app */ = {isa = PBXFileReference; explicitFileType = wrapper.application; includeInIndex = 0; path = LTSwiftAlgorithm.app; sourceTree = BUILT_PRODUCTS_DIR; };
		CF8951A62180586100568F2F /* AppDelegate.swift */ = {isa = PBXFileReference; lastKnownFileType = sourcecode.swift; path = AppDelegate.swift; sourceTree = "<group>"; };
		CF8951A82180586100568F2F /* ViewController.swift */ = {isa = PBXFileReference; lastKnownFileType = sourcecode.swift; path = ViewController.swift; sourceTree = "<group>"; };
		CF8951AB2180586100568F2F /* Base */ = {isa = PBXFileReference; lastKnownFileType = file.storyboard; name = Base; path = Base.lproj/Main.storyboard; sourceTree = "<group>"; };
		CF8951AD2180586400568F2F /* Assets.xcassets */ = {isa = PBXFileReference; lastKnownFileType = folder.assetcatalog; path = Assets.xcassets; sourceTree = "<group>"; };
		CF8951B02180586400568F2F /* Base */ = {isa = PBXFileReference; lastKnownFileType = file.storyboard; name = Base; path = Base.lproj/LaunchScreen.storyboard; sourceTree = "<group>"; };
		CF8951B22180586400568F2F /* Info.plist */ = {isa = PBXFileReference; lastKnownFileType = text.plist.xml; path = Info.plist; sourceTree = "<group>"; };
		CF8951B72180586500568F2F /* LTSwiftAlgorithmTests.xctest */ = {isa = PBXFileReference; explicitFileType = wrapper.cfbundle; includeInIndex = 0; path = LTSwiftAlgorithmTests.xctest; sourceTree = BUILT_PRODUCTS_DIR; };
		CF8951BB2180586500568F2F /* LTSwiftAlgorithmTests.swift */ = {isa = PBXFileReference; lastKnownFileType = sourcecode.swift; path = LTSwiftAlgorithmTests.swift; sourceTree = "<group>"; };
		CF8951BD2180586500568F2F /* Info.plist */ = {isa = PBXFileReference; lastKnownFileType = text.plist.xml; path = Info.plist; sourceTree = "<group>"; };
		CF8951C22180586500568F2F /* LTSwiftAlgorithmUITests.xctest */ = {isa = PBXFileReference; explicitFileType = wrapper.cfbundle; includeInIndex = 0; path = LTSwiftAlgorithmUITests.xctest; sourceTree = BUILT_PRODUCTS_DIR; };
		CF8951C62180586500568F2F /* LTSwiftAlgorithmUITests.swift */ = {isa = PBXFileReference; lastKnownFileType = sourcecode.swift; path = LTSwiftAlgorithmUITests.swift; sourceTree = "<group>"; };
		CF8951C82180586500568F2F /* Info.plist */ = {isa = PBXFileReference; lastKnownFileType = text.plist.xml; path = Info.plist; sourceTree = "<group>"; };
		CF8951D4218059AE00568F2F /* TwoSum.swift */ = {isa = PBXFileReference; lastKnownFileType = sourcecode.swift; path = TwoSum.swift; sourceTree = "<group>"; };
		CF8951D92180609D00568F2F /* AddTwoNumbers.swift */ = {isa = PBXFileReference; lastKnownFileType = sourcecode.swift; path = AddTwoNumbers.swift; sourceTree = "<group>"; };
		CF8951DB2180619800568F2F /* LeetcodeSolution.swift */ = {isa = PBXFileReference; lastKnownFileType = sourcecode.swift; path = LeetcodeSolution.swift; sourceTree = "<group>"; };
		CF8951DD2180657400568F2F /* LongestSubStringWithoutRepeatCharacter.swift */ = {isa = PBXFileReference; lastKnownFileType = sourcecode.swift; path = LongestSubStringWithoutRepeatCharacter.swift; sourceTree = "<group>"; };
		CF8951DF2183230700568F2F /* MedianOfTwoSortedArrays.swift */ = {isa = PBXFileReference; lastKnownFileType = sourcecode.swift; path = MedianOfTwoSortedArrays.swift; sourceTree = "<group>"; };
		CF8951E12186DDA700568F2F /* LongestPalindromicSubstring.swift */ = {isa = PBXFileReference; lastKnownFileType = sourcecode.swift; path = LongestPalindromicSubstring.swift; sourceTree = "<group>"; };
		CF8951E321870D4D00568F2F /* ZigZagConversion.swift */ = {isa = PBXFileReference; lastKnownFileType = sourcecode.swift; path = ZigZagConversion.swift; sourceTree = "<group>"; };
		CFB23297218B443100267D4E /* PalindromeNumber.swift */ = {isa = PBXFileReference; lastKnownFileType = sourcecode.swift; path = PalindromeNumber.swift; sourceTree = "<group>"; };
		CFB23299218B465E00267D4E /* RomanToInteger.swift */ = {isa = PBXFileReference; lastKnownFileType = sourcecode.swift; path = RomanToInteger.swift; sourceTree = "<group>"; };
/* End PBXFileReference section */

/* Begin PBXFrameworksBuildPhase section */
		CF8951A02180586100568F2F /* Frameworks */ = {
			isa = PBXFrameworksBuildPhase;
			buildActionMask = 2147483647;
			files = (
			);
			runOnlyForDeploymentPostprocessing = 0;
		};
		CF8951B42180586500568F2F /* Frameworks */ = {
			isa = PBXFrameworksBuildPhase;
			buildActionMask = 2147483647;
			files = (
			);
			runOnlyForDeploymentPostprocessing = 0;
		};
		CF8951BF2180586500568F2F /* Frameworks */ = {
			isa = PBXFrameworksBuildPhase;
			buildActionMask = 2147483647;
			files = (
			);
			runOnlyForDeploymentPostprocessing = 0;
		};
/* End PBXFrameworksBuildPhase section */

/* Begin PBXGroup section */
		CF89519A2180586100568F2F = {
			isa = PBXGroup;
			children = (
				CF8951A52180586100568F2F /* LTSwiftAlgorithm */,
				CF8951BA2180586500568F2F /* LTSwiftAlgorithmTests */,
				CF8951C52180586500568F2F /* LTSwiftAlgorithmUITests */,
				CF8951A42180586100568F2F /* Products */,
			);
			sourceTree = "<group>";
		};
		CF8951A42180586100568F2F /* Products */ = {
			isa = PBXGroup;
			children = (
				CF8951A32180586100568F2F /* LTSwiftAlgorithm.app */,
				CF8951B72180586500568F2F /* LTSwiftAlgorithmTests.xctest */,
				CF8951C22180586500568F2F /* LTSwiftAlgorithmUITests.xctest */,
			);
			name = Products;
			sourceTree = "<group>";
		};
		CF8951A52180586100568F2F /* LTSwiftAlgorithm */ = {
			isa = PBXGroup;
			children = (
				CF8951A62180586100568F2F /* AppDelegate.swift */,
				CF8951A82180586100568F2F /* ViewController.swift */,
				CF8951DB2180619800568F2F /* LeetcodeSolution.swift */,
				CF8951D6218059B900568F2F /* leetcode */,
				CF8951AA2180586100568F2F /* Main.storyboard */,
				CF8951AD2180586400568F2F /* Assets.xcassets */,
				CF8951AF2180586400568F2F /* LaunchScreen.storyboard */,
				CF8951B22180586400568F2F /* Info.plist */,
			);
			path = LTSwiftAlgorithm;
			sourceTree = "<group>";
		};
		CF8951BA2180586500568F2F /* LTSwiftAlgorithmTests */ = {
			isa = PBXGroup;
			children = (
				CF8951BB2180586500568F2F /* LTSwiftAlgorithmTests.swift */,
				CF8951BD2180586500568F2F /* Info.plist */,
			);
			path = LTSwiftAlgorithmTests;
			sourceTree = "<group>";
		};
		CF8951C52180586500568F2F /* LTSwiftAlgorithmUITests */ = {
			isa = PBXGroup;
			children = (
				CF8951C62180586500568F2F /* LTSwiftAlgorithmUITests.swift */,
				CF8951C82180586500568F2F /* Info.plist */,
			);
			path = LTSwiftAlgorithmUITests;
			sourceTree = "<group>";
		};
		CF8951D6218059B900568F2F /* leetcode */ = {
			isa = PBXGroup;
			children = (
				CF8951D4218059AE00568F2F /* TwoSum.swift */,
				CF8951D92180609D00568F2F /* AddTwoNumbers.swift */,
				CF8951DD2180657400568F2F /* LongestSubStringWithoutRepeatCharacter.swift */,
				CF8951DF2183230700568F2F /* MedianOfTwoSortedArrays.swift */,
				CF8951E12186DDA700568F2F /* LongestPalindromicSubstring.swift */,
				CF8951E321870D4D00568F2F /* ZigZagConversion.swift */,
				CF5744002189E94F00AC0C1F /* ReverseInteger.swift */,
				CFB23297218B443100267D4E /* PalindromeNumber.swift */,
				CFB23299218B465E00267D4E /* RomanToInteger.swift */,
			);
			path = leetcode;
			sourceTree = "<group>";
		};
/* End PBXGroup section */

/* Begin PBXNativeTarget section */
		CF8951A22180586100568F2F /* LTSwiftAlgorithm */ = {
			isa = PBXNativeTarget;
			buildConfigurationList = CF8951CB2180586500568F2F /* Build configuration list for PBXNativeTarget "LTSwiftAlgorithm" */;
			buildPhases = (
				CF89519F2180586100568F2F /* Sources */,
				CF8951A02180586100568F2F /* Frameworks */,
				CF8951A12180586100568F2F /* Resources */,
			);
			buildRules = (
			);
			dependencies = (
			);
			name = LTSwiftAlgorithm;
			productName = LTSwiftAlgorithm;
			productReference = CF8951A32180586100568F2F /* LTSwiftAlgorithm.app */;
			productType = "com.apple.product-type.application";
		};
		CF8951B62180586500568F2F /* LTSwiftAlgorithmTests */ = {
			isa = PBXNativeTarget;
			buildConfigurationList = CF8951CE2180586500568F2F /* Build configuration list for PBXNativeTarget "LTSwiftAlgorithmTests" */;
			buildPhases = (
				CF8951B32180586500568F2F /* Sources */,
				CF8951B42180586500568F2F /* Frameworks */,
				CF8951B52180586500568F2F /* Resources */,
			);
			buildRules = (
			);
			dependencies = (
				CF8951B92180586500568F2F /* PBXTargetDependency */,
			);
			name = LTSwiftAlgorithmTests;
			productName = LTSwiftAlgorithmTests;
			productReference = CF8951B72180586500568F2F /* LTSwiftAlgorithmTests.xctest */;
			productType = "com.apple.product-type.bundle.unit-test";
		};
		CF8951C12180586500568F2F /* LTSwiftAlgorithmUITests */ = {
			isa = PBXNativeTarget;
			buildConfigurationList = CF8951D12180586500568F2F /* Build configuration list for PBXNativeTarget "LTSwiftAlgorithmUITests" */;
			buildPhases = (
				CF8951BE2180586500568F2F /* Sources */,
				CF8951BF2180586500568F2F /* Frameworks */,
				CF8951C02180586500568F2F /* Resources */,
			);
			buildRules = (
			);
			dependencies = (
				CF8951C42180586500568F2F /* PBXTargetDependency */,
			);
			name = LTSwiftAlgorithmUITests;
			productName = LTSwiftAlgorithmUITests;
			productReference = CF8951C22180586500568F2F /* LTSwiftAlgorithmUITests.xctest */;
			productType = "com.apple.product-type.bundle.ui-testing";
		};
/* End PBXNativeTarget section */

/* Begin PBXProject section */
		CF89519B2180586100568F2F /* Project object */ = {
			isa = PBXProject;
			attributes = {
				LastSwiftUpdateCheck = 1000;
				LastUpgradeCheck = 1000;
				ORGANIZATIONNAME = "移动支付－刘涛";
				TargetAttributes = {
					CF8951A22180586100568F2F = {
						CreatedOnToolsVersion = 10.0;
					};
					CF8951B62180586500568F2F = {
						CreatedOnToolsVersion = 10.0;
						TestTargetID = CF8951A22180586100568F2F;
					};
					CF8951C12180586500568F2F = {
						CreatedOnToolsVersion = 10.0;
						TestTargetID = CF8951A22180586100568F2F;
					};
				};
			};
			buildConfigurationList = CF89519E2180586100568F2F /* Build configuration list for PBXProject "LTSwiftAlgorithm" */;
			compatibilityVersion = "Xcode 9.3";
			developmentRegion = en;
			hasScannedForEncodings = 0;
			knownRegions = (
				en,
				Base,
			);
			mainGroup = CF89519A2180586100568F2F;
			productRefGroup = CF8951A42180586100568F2F /* Products */;
			projectDirPath = "";
			projectRoot = "";
			targets = (
				CF8951A22180586100568F2F /* LTSwiftAlgorithm */,
				CF8951B62180586500568F2F /* LTSwiftAlgorithmTests */,
				CF8951C12180586500568F2F /* LTSwiftAlgorithmUITests */,
			);
		};
/* End PBXProject section */

/* Begin PBXResourcesBuildPhase section */
		CF8951A12180586100568F2F /* Resources */ = {
			isa = PBXResourcesBuildPhase;
			buildActionMask = 2147483647;
			files = (
				CF8951B12180586400568F2F /* LaunchScreen.storyboard in Resources */,
				CF8951AE2180586400568F2F /* Assets.xcassets in Resources */,
				CF8951AC2180586100568F2F /* Main.storyboard in Resources */,
			);
			runOnlyForDeploymentPostprocessing = 0;
		};
		CF8951B52180586500568F2F /* Resources */ = {
			isa = PBXResourcesBuildPhase;
			buildActionMask = 2147483647;
			files = (
			);
			runOnlyForDeploymentPostprocessing = 0;
		};
		CF8951C02180586500568F2F /* Resources */ = {
			isa = PBXResourcesBuildPhase;
			buildActionMask = 2147483647;
			files = (
			);
			runOnlyForDeploymentPostprocessing = 0;
		};
/* End PBXResourcesBuildPhase section */

/* Begin PBXSourcesBuildPhase section */
		CF89519F2180586100568F2F /* Sources */ = {
			isa = PBXSourcesBuildPhase;
			buildActionMask = 2147483647;
			files = (
				CF8951DA2180609D00568F2F /* AddTwoNumbers.swift in Sources */,
				CFB2329A218B465E00267D4E /* RomanToInteger.swift in Sources */,
				CF8951E22186DDA700568F2F /* LongestPalindromicSubstring.swift in Sources */,
				CF8951DC2180619800568F2F /* LeetcodeSolution.swift in Sources */,
				CFB23298218B443100267D4E /* PalindromeNumber.swift in Sources */,
				CF5744012189E94F00AC0C1F /* ReverseInteger.swift in Sources */,
				CF8951DE2180657400568F2F /* LongestSubStringWithoutRepeatCharacter.swift in Sources */,
				CF8951A92180586100568F2F /* ViewController.swift in Sources */,
				CF8951E421870D4D00568F2F /* ZigZagConversion.swift in Sources */,
				CF8951A72180586100568F2F /* AppDelegate.swift in Sources */,
				CF8951D5218059AE00568F2F /* TwoSum.swift in Sources */,
				CF8951E02183230700568F2F /* MedianOfTwoSortedArrays.swift in Sources */,
			);
			runOnlyForDeploymentPostprocessing = 0;
		};
		CF8951B32180586500568F2F /* Sources */ = {
			isa = PBXSourcesBuildPhase;
			buildActionMask = 2147483647;
			files = (
				CF8951BC2180586500568F2F /* LTSwiftAlgorithmTests.swift in Sources */,
			);
			runOnlyForDeploymentPostprocessing = 0;
		};
		CF8951BE2180586500568F2F /* Sources */ = {
			isa = PBXSourcesBuildPhase;
			buildActionMask = 2147483647;
			files = (
				CF8951C72180586500568F2F /* LTSwiftAlgorithmUITests.swift in Sources */,
			);
			runOnlyForDeploymentPostprocessing = 0;
		};
/* End PBXSourcesBuildPhase section */

/* Begin PBXTargetDependency section */
		CF8951B92180586500568F2F /* PBXTargetDependency */ = {
			isa = PBXTargetDependency;
			target = CF8951A22180586100568F2F /* LTSwiftAlgorithm */;
			targetProxy = CF8951B82180586500568F2F /* PBXContainerItemProxy */;
		};
		CF8951C42180586500568F2F /* PBXTargetDependency */ = {
			isa = PBXTargetDependency;
			target = CF8951A22180586100568F2F /* LTSwiftAlgorithm */;
			targetProxy = CF8951C32180586500568F2F /* PBXContainerItemProxy */;
		};
/* End PBXTargetDependency section */

/* Begin PBXVariantGroup section */
		CF8951AA2180586100568F2F /* Main.storyboard */ = {
			isa = PBXVariantGroup;
			children = (
				CF8951AB2180586100568F2F /* Base */,
			);
			name = Main.storyboard;
			sourceTree = "<group>";
		};
		CF8951AF2180586400568F2F /* LaunchScreen.storyboard */ = {
			isa = PBXVariantGroup;
			children = (
				CF8951B02180586400568F2F /* Base */,
			);
			name = LaunchScreen.storyboard;
			sourceTree = "<group>";
		};
/* End PBXVariantGroup section */

/* Begin XCBuildConfiguration section */
		CF8951C92180586500568F2F /* Debug */ = {
			isa = XCBuildConfiguration;
			buildSettings = {
				ALWAYS_SEARCH_USER_PATHS = NO;
				CLANG_ANALYZER_NONNULL = YES;
				CLANG_ANALYZER_NUMBER_OBJECT_CONVERSION = YES_AGGRESSIVE;
				CLANG_CXX_LANGUAGE_STANDARD = "gnu++14";
				CLANG_CXX_LIBRARY = "libc++";
				CLANG_ENABLE_MODULES = YES;
				CLANG_ENABLE_OBJC_ARC = YES;
				CLANG_ENABLE_OBJC_WEAK = YES;
				CLANG_WARN_BLOCK_CAPTURE_AUTORELEASING = YES;
				CLANG_WARN_BOOL_CONVERSION = YES;
				CLANG_WARN_COMMA = YES;
				CLANG_WARN_CONSTANT_CONVERSION = YES;
				CLANG_WARN_DEPRECATED_OBJC_IMPLEMENTATIONS = YES;
				CLANG_WARN_DIRECT_OBJC_ISA_USAGE = YES_ERROR;
				CLANG_WARN_DOCUMENTATION_COMMENTS = YES;
				CLANG_WARN_EMPTY_BODY = YES;
				CLANG_WARN_ENUM_CONVERSION = YES;
				CLANG_WARN_INFINITE_RECURSION = YES;
				CLANG_WARN_INT_CONVERSION = YES;
				CLANG_WARN_NON_LITERAL_NULL_CONVERSION = YES;
				CLANG_WARN_OBJC_IMPLICIT_RETAIN_SELF = YES;
				CLANG_WARN_OBJC_LITERAL_CONVERSION = YES;
				CLANG_WARN_OBJC_ROOT_CLASS = YES_ERROR;
				CLANG_WARN_RANGE_LOOP_ANALYSIS = YES;
				CLANG_WARN_STRICT_PROTOTYPES = YES;
				CLANG_WARN_SUSPICIOUS_MOVE = YES;
				CLANG_WARN_UNGUARDED_AVAILABILITY = YES_AGGRESSIVE;
				CLANG_WARN_UNREACHABLE_CODE = YES;
				CLANG_WARN__DUPLICATE_METHOD_MATCH = YES;
				CODE_SIGN_IDENTITY = "iPhone Developer";
				COPY_PHASE_STRIP = NO;
				DEBUG_INFORMATION_FORMAT = dwarf;
				ENABLE_STRICT_OBJC_MSGSEND = YES;
				ENABLE_TESTABILITY = YES;
				GCC_C_LANGUAGE_STANDARD = gnu11;
				GCC_DYNAMIC_NO_PIC = NO;
				GCC_NO_COMMON_BLOCKS = YES;
				GCC_OPTIMIZATION_LEVEL = 0;
				GCC_PREPROCESSOR_DEFINITIONS = (
					"DEBUG=1",
					"$(inherited)",
				);
				GCC_WARN_64_TO_32_BIT_CONVERSION = YES;
				GCC_WARN_ABOUT_RETURN_TYPE = YES_ERROR;
				GCC_WARN_UNDECLARED_SELECTOR = YES;
				GCC_WARN_UNINITIALIZED_AUTOS = YES_AGGRESSIVE;
				GCC_WARN_UNUSED_FUNCTION = YES;
				GCC_WARN_UNUSED_VARIABLE = YES;
				IPHONEOS_DEPLOYMENT_TARGET = 12.0;
				MTL_ENABLE_DEBUG_INFO = INCLUDE_SOURCE;
				MTL_FAST_MATH = YES;
				ONLY_ACTIVE_ARCH = YES;
				SDKROOT = iphoneos;
				SWIFT_ACTIVE_COMPILATION_CONDITIONS = DEBUG;
				SWIFT_OPTIMIZATION_LEVEL = "-Onone";
			};
			name = Debug;
		};
		CF8951CA2180586500568F2F /* Release */ = {
			isa = XCBuildConfiguration;
			buildSettings = {
				ALWAYS_SEARCH_USER_PATHS = NO;
				CLANG_ANALYZER_NONNULL = YES;
				CLANG_ANALYZER_NUMBER_OBJECT_CONVERSION = YES_AGGRESSIVE;
				CLANG_CXX_LANGUAGE_STANDARD = "gnu++14";
				CLANG_CXX_LIBRARY = "libc++";
				CLANG_ENABLE_MODULES = YES;
				CLANG_ENABLE_OBJC_ARC = YES;
				CLANG_ENABLE_OBJC_WEAK = YES;
				CLANG_WARN_BLOCK_CAPTURE_AUTORELEASING = YES;
				CLANG_WARN_BOOL_CONVERSION = YES;
				CLANG_WARN_COMMA = YES;
				CLANG_WARN_CONSTANT_CONVERSION = YES;
				CLANG_WARN_DEPRECATED_OBJC_IMPLEMENTATIONS = YES;
				CLANG_WARN_DIRECT_OBJC_ISA_USAGE = YES_ERROR;
				CLANG_WARN_DOCUMENTATION_COMMENTS = YES;
				CLANG_WARN_EMPTY_BODY = YES;
				CLANG_WARN_ENUM_CONVERSION = YES;
				CLANG_WARN_INFINITE_RECURSION = YES;
				CLANG_WARN_INT_CONVERSION = YES;
				CLANG_WARN_NON_LITERAL_NULL_CONVERSION = YES;
				CLANG_WARN_OBJC_IMPLICIT_RETAIN_SELF = YES;
				CLANG_WARN_OBJC_LITERAL_CONVERSION = YES;
				CLANG_WARN_OBJC_ROOT_CLASS = YES_ERROR;
				CLANG_WARN_RANGE_LOOP_ANALYSIS = YES;
				CLANG_WARN_STRICT_PROTOTYPES = YES;
				CLANG_WARN_SUSPICIOUS_MOVE = YES;
				CLANG_WARN_UNGUARDED_AVAILABILITY = YES_AGGRESSIVE;
				CLANG_WARN_UNREACHABLE_CODE = YES;
				CLANG_WARN__DUPLICATE_METHOD_MATCH = YES;
				CODE_SIGN_IDENTITY = "iPhone Developer";
				COPY_PHASE_STRIP = NO;
				DEBUG_INFORMATION_FORMAT = "dwarf-with-dsym";
				ENABLE_NS_ASSERTIONS = NO;
				ENABLE_STRICT_OBJC_MSGSEND = YES;
				GCC_C_LANGUAGE_STANDARD = gnu11;
				GCC_NO_COMMON_BLOCKS = YES;
				GCC_WARN_64_TO_32_BIT_CONVERSION = YES;
				GCC_WARN_ABOUT_RETURN_TYPE = YES_ERROR;
				GCC_WARN_UNDECLARED_SELECTOR = YES;
				GCC_WARN_UNINITIALIZED_AUTOS = YES_AGGRESSIVE;
				GCC_WARN_UNUSED_FUNCTION = YES;
				GCC_WARN_UNUSED_VARIABLE = YES;
				IPHONEOS_DEPLOYMENT_TARGET = 12.0;
				MTL_ENABLE_DEBUG_INFO = NO;
				MTL_FAST_MATH = YES;
				SDKROOT = iphoneos;
				SWIFT_COMPILATION_MODE = wholemodule;
				SWIFT_OPTIMIZATION_LEVEL = "-O";
				VALIDATE_PRODUCT = YES;
			};
			name = Release;
		};
		CF8951CC2180586500568F2F /* Debug */ = {
			isa = XCBuildConfiguration;
			buildSettings = {
				ASSETCATALOG_COMPILER_APPICON_NAME = AppIcon;
				CODE_SIGN_STYLE = Automatic;
				DEVELOPMENT_TEAM = YK9W72FL93;
				INFOPLIST_FILE = LTSwiftAlgorithm/Info.plist;
				IPHONEOS_DEPLOYMENT_TARGET = 11.0;
				LD_RUNPATH_SEARCH_PATHS = (
					"$(inherited)",
					"@executable_path/Frameworks",
				);
				PRODUCT_BUNDLE_IDENTIFIER = LT.LTSwiftAlgorithm;
				PRODUCT_NAME = "$(TARGET_NAME)";
				SWIFT_VERSION = 4.2;
				TARGETED_DEVICE_FAMILY = "1,2";
			};
			name = Debug;
		};
		CF8951CD2180586500568F2F /* Release */ = {
			isa = XCBuildConfiguration;
			buildSettings = {
				ASSETCATALOG_COMPILER_APPICON_NAME = AppIcon;
				CODE_SIGN_STYLE = Automatic;
				DEVELOPMENT_TEAM = YK9W72FL93;
				INFOPLIST_FILE = LTSwiftAlgorithm/Info.plist;
				IPHONEOS_DEPLOYMENT_TARGET = 11.0;
				LD_RUNPATH_SEARCH_PATHS = (
					"$(inherited)",
					"@executable_path/Frameworks",
				);
				PRODUCT_BUNDLE_IDENTIFIER = LT.LTSwiftAlgorithm;
				PRODUCT_NAME = "$(TARGET_NAME)";
				SWIFT_VERSION = 4.2;
				TARGETED_DEVICE_FAMILY = "1,2";
			};
			name = Release;
		};
		CF8951CF2180586500568F2F /* Debug */ = {
			isa = XCBuildConfiguration;
			buildSettings = {
				ALWAYS_EMBED_SWIFT_STANDARD_LIBRARIES = YES;
				BUNDLE_LOADER = "$(TEST_HOST)";
				CODE_SIGN_STYLE = Automatic;
				DEVELOPMENT_TEAM = YK9W72FL93;
				INFOPLIST_FILE = LTSwiftAlgorithmTests/Info.plist;
				LD_RUNPATH_SEARCH_PATHS = (
					"$(inherited)",
					"@executable_path/Frameworks",
					"@loader_path/Frameworks",
				);
				PRODUCT_BUNDLE_IDENTIFIER = LT.LTSwiftAlgorithmTests;
				PRODUCT_NAME = "$(TARGET_NAME)";
				SWIFT_VERSION = 4.2;
				TARGETED_DEVICE_FAMILY = "1,2";
				TEST_HOST = "$(BUILT_PRODUCTS_DIR)/LTSwiftAlgorithm.app/LTSwiftAlgorithm";
			};
			name = Debug;
		};
		CF8951D02180586500568F2F /* Release */ = {
			isa = XCBuildConfiguration;
			buildSettings = {
				ALWAYS_EMBED_SWIFT_STANDARD_LIBRARIES = YES;
				BUNDLE_LOADER = "$(TEST_HOST)";
				CODE_SIGN_STYLE = Automatic;
				DEVELOPMENT_TEAM = YK9W72FL93;
				INFOPLIST_FILE = LTSwiftAlgorithmTests/Info.plist;
				LD_RUNPATH_SEARCH_PATHS = (
					"$(inherited)",
					"@executable_path/Frameworks",
					"@loader_path/Frameworks",
				);
				PRODUCT_BUNDLE_IDENTIFIER = LT.LTSwiftAlgorithmTests;
				PRODUCT_NAME = "$(TARGET_NAME)";
				SWIFT_VERSION = 4.2;
				TARGETED_DEVICE_FAMILY = "1,2";
				TEST_HOST = "$(BUILT_PRODUCTS_DIR)/LTSwiftAlgorithm.app/LTSwiftAlgorithm";
			};
			name = Release;
		};
		CF8951D22180586500568F2F /* Debug */ = {
			isa = XCBuildConfiguration;
			buildSettings = {
				ALWAYS_EMBED_SWIFT_STANDARD_LIBRARIES = YES;
				CODE_SIGN_STYLE = Automatic;
				DEVELOPMENT_TEAM = YK9W72FL93;
				INFOPLIST_FILE = LTSwiftAlgorithmUITests/Info.plist;
				LD_RUNPATH_SEARCH_PATHS = (
					"$(inherited)",
					"@executable_path/Frameworks",
					"@loader_path/Frameworks",
				);
				PRODUCT_BUNDLE_IDENTIFIER = LT.LTSwiftAlgorithmUITests;
				PRODUCT_NAME = "$(TARGET_NAME)";
				SWIFT_VERSION = 4.2;
				TARGETED_DEVICE_FAMILY = "1,2";
				TEST_TARGET_NAME = LTSwiftAlgorithm;
			};
			name = Debug;
		};
		CF8951D32180586500568F2F /* Release */ = {
			isa = XCBuildConfiguration;
			buildSettings = {
				ALWAYS_EMBED_SWIFT_STANDARD_LIBRARIES = YES;
				CODE_SIGN_STYLE = Automatic;
				DEVELOPMENT_TEAM = YK9W72FL93;
				INFOPLIST_FILE = LTSwiftAlgorithmUITests/Info.plist;
				LD_RUNPATH_SEARCH_PATHS = (
					"$(inherited)",
					"@executable_path/Frameworks",
					"@loader_path/Frameworks",
				);
				PRODUCT_BUNDLE_IDENTIFIER = LT.LTSwiftAlgorithmUITests;
				PRODUCT_NAME = "$(TARGET_NAME)";
				SWIFT_VERSION = 4.2;
				TARGETED_DEVICE_FAMILY = "1,2";
				TEST_TARGET_NAME = LTSwiftAlgorithm;
			};
			name = Release;
		};
/* End XCBuildConfiguration section */

/* Begin XCConfigurationList section */
		CF89519E2180586100568F2F /* Build configuration list for PBXProject "LTSwiftAlgorithm" */ = {
			isa = XCConfigurationList;
			buildConfigurations = (
				CF8951C92180586500568F2F /* Debug */,
				CF8951CA2180586500568F2F /* Release */,
			);
			defaultConfigurationIsVisible = 0;
			defaultConfigurationName = Release;
		};
		CF8951CB2180586500568F2F /* Build configuration list for PBXNativeTarget "LTSwiftAlgorithm" */ = {
			isa = XCConfigurationList;
			buildConfigurations = (
				CF8951CC2180586500568F2F /* Debug */,
				CF8951CD2180586500568F2F /* Release */,
			);
			defaultConfigurationIsVisible = 0;
			defaultConfigurationName = Release;
		};
		CF8951CE2180586500568F2F /* Build configuration list for PBXNativeTarget "LTSwiftAlgorithmTests" */ = {
			isa = XCConfigurationList;
			buildConfigurations = (
				CF8951CF2180586500568F2F /* Debug */,
				CF8951D02180586500568F2F /* Release */,
			);
			defaultConfigurationIsVisible = 0;
			defaultConfigurationName = Release;
		};
		CF8951D12180586500568F2F /* Build configuration list for PBXNativeTarget "LTSwiftAlgorithmUITests" */ = {
			isa = XCConfigurationList;
			buildConfigurations = (
				CF8951D22180586500568F2F /* Debug */,
				CF8951D32180586500568F2F /* Release */,
			);
			defaultConfigurationIsVisible = 0;
			defaultConfigurationName = Release;
		};
/* End XCConfigurationList section */
	};
	rootObject = CF89519B2180586100568F2F /* Project object */;
}
