// !$*UTF8*$!
{
	archiveVersion = 1;
	classes = {
	};
	objectVersion = 50;
	objects = {

/* Begin PBXBuildFile section */
		CF081A62212AD82A0029861C /* AppDelegate.swift in Sources */ = {isa = PBXBuildFile; fileRef = CF081A61212AD82A0029861C /* AppDelegate.swift */; };
		CF081A64212AD82A0029861C /* ViewController.swift in Sources */ = {isa = PBXBuildFile; fileRef = CF081A63212AD82A0029861C /* ViewController.swift */; };
		CF081A67212AD82A0029861C /* Main.storyboard in Resources */ = {isa = PBXBuildFile; fileRef = CF081A65212AD82A0029861C /* Main.storyboard */; };
		CF081A69212AD82B0029861C /* Assets.xcassets in Resources */ = {isa = PBXBuildFile; fileRef = CF081A68212AD82B0029861C /* Assets.xcassets */; };
		CF081A6C212AD82B0029861C /* LaunchScreen.storyboard in Resources */ = {isa = PBXBuildFile; fileRef = CF081A6A212AD82B0029861C /* LaunchScreen.storyboard */; };
		CF081A77212AD82B0029861C /* practice04Tests.swift in Sources */ = {isa = PBXBuildFile; fileRef = CF081A76212AD82B0029861C /* practice04Tests.swift */; };
		CF081A82212AD82B0029861C /* practice04UITests.swift in Sources */ = {isa = PBXBuildFile; fileRef = CF081A81212AD82B0029861C /* practice04UITests.swift */; };
		CF081A90212AD9E80029861C /* ToDoItem.swift in Sources */ = {isa = PBXBuildFile; fileRef = CF081A8F212AD9E80029861C /* ToDoItem.swift */; };
/* End PBXBuildFile section */

/* Begin PBXContainerItemProxy section */
		CF081A73212AD82B0029861C /* PBXContainerItemProxy */ = {
			isa = PBXContainerItemProxy;
			containerPortal = CF081A56212AD82A0029861C /* Project object */;
			proxyType = 1;
			remoteGlobalIDString = CF081A5D212AD82A0029861C;
			remoteInfo = practice04;
		};
		CF081A7E212AD82B0029861C /* PBXContainerItemProxy */ = {
			isa = PBXContainerItemProxy;
			containerPortal = CF081A56212AD82A0029861C /* Project object */;
			proxyType = 1;
			remoteGlobalIDString = CF081A5D212AD82A0029861C;
			remoteInfo = practice04;
		};
/* End PBXContainerItemProxy section */

/* Begin PBXFileReference section */
		CF081A5E212AD82A0029861C /* practice04.app */ = {isa = PBXFileReference; explicitFileType = wrapper.application; includeInIndex = 0; path = practice04.app; sourceTree = BUILT_PRODUCTS_DIR; };
		CF081A61212AD82A0029861C /* AppDelegate.swift */ = {isa = PBXFileReference; lastKnownFileType = sourcecode.swift; path = AppDelegate.swift; sourceTree = "<group>"; };
		CF081A63212AD82A0029861C /* ViewController.swift */ = {isa = PBXFileReference; lastKnownFileType = sourcecode.swift; path = ViewController.swift; sourceTree = "<group>"; };
		CF081A66212AD82A0029861C /* Base */ = {isa = PBXFileReference; lastKnownFileType = file.storyboard; name = Base; path = Base.lproj/Main.storyboard; sourceTree = "<group>"; };
		CF081A68212AD82B0029861C /* Assets.xcassets */ = {isa = PBXFileReference; lastKnownFileType = folder.assetcatalog; path = Assets.xcassets; sourceTree = "<group>"; };
		CF081A6B212AD82B0029861C /* Base */ = {isa = PBXFileReference; lastKnownFileType = file.storyboard; name = Base; path = Base.lproj/LaunchScreen.storyboard; sourceTree = "<group>"; };
		CF081A6D212AD82B0029861C /* Info.plist */ = {isa = PBXFileReference; lastKnownFileType = text.plist.xml; path = Info.plist; sourceTree = "<group>"; };
		CF081A72212AD82B0029861C /* practice04Tests.xctest */ = {isa = PBXFileReference; explicitFileType = wrapper.cfbundle; includeInIndex = 0; path = practice04Tests.xctest; sourceTree = BUILT_PRODUCTS_DIR; };
		CF081A76212AD82B0029861C /* practice04Tests.swift */ = {isa = PBXFileReference; lastKnownFileType = sourcecode.swift; path = practice04Tests.swift; sourceTree = "<group>"; };
		CF081A78212AD82B0029861C /* Info.plist */ = {isa = PBXFileReference; lastKnownFileType = text.plist.xml; path = Info.plist; sourceTree = "<group>"; };
		CF081A7D212AD82B0029861C /* practice04UITests.xctest */ = {isa = PBXFileReference; explicitFileType = wrapper.cfbundle; includeInIndex = 0; path = practice04UITests.xctest; sourceTree = BUILT_PRODUCTS_DIR; };
		CF081A81212AD82B0029861C /* practice04UITests.swift */ = {isa = PBXFileReference; lastKnownFileType = sourcecode.swift; path = practice04UITests.swift; sourceTree = "<group>"; };
		CF081A83212AD82B0029861C /* Info.plist */ = {isa = PBXFileReference; lastKnownFileType = text.plist.xml; path = Info.plist; sourceTree = "<group>"; };
		CF081A8F212AD9E80029861C /* ToDoItem.swift */ = {isa = PBXFileReference; lastKnownFileType = sourcecode.swift; path = ToDoItem.swift; sourceTree = "<group>"; };
/* End PBXFileReference section */

/* Begin PBXFrameworksBuildPhase section */
		CF081A5B212AD82A0029861C /* Frameworks */ = {
			isa = PBXFrameworksBuildPhase;
			buildActionMask = 2147483647;
			files = (
			);
			runOnlyForDeploymentPostprocessing = 0;
		};
		CF081A6F212AD82B0029861C /* Frameworks */ = {
			isa = PBXFrameworksBuildPhase;
			buildActionMask = 2147483647;
			files = (
			);
			runOnlyForDeploymentPostprocessing = 0;
		};
		CF081A7A212AD82B0029861C /* Frameworks */ = {
			isa = PBXFrameworksBuildPhase;
			buildActionMask = 2147483647;
			files = (
			);
			runOnlyForDeploymentPostprocessing = 0;
		};
/* End PBXFrameworksBuildPhase section */

/* Begin PBXGroup section */
		CF081A55212AD82A0029861C = {
			isa = PBXGroup;
			children = (
				CF081A60212AD82A0029861C /* practice04 */,
				CF081A75212AD82B0029861C /* practice04Tests */,
				CF081A80212AD82B0029861C /* practice04UITests */,
				CF081A5F212AD82A0029861C /* Products */,
			);
			sourceTree = "<group>";
		};
		CF081A5F212AD82A0029861C /* Products */ = {
			isa = PBXGroup;
			children = (
				CF081A5E212AD82A0029861C /* practice04.app */,
				CF081A72212AD82B0029861C /* practice04Tests.xctest */,
				CF081A7D212AD82B0029861C /* practice04UITests.xctest */,
			);
			name = Products;
			sourceTree = "<group>";
		};
		CF081A60212AD82A0029861C /* practice04 */ = {
			isa = PBXGroup;
			children = (
				CF081A61212AD82A0029861C /* AppDelegate.swift */,
				CF081A63212AD82A0029861C /* ViewController.swift */,
				CF081A8F212AD9E80029861C /* ToDoItem.swift */,
				CF081A65212AD82A0029861C /* Main.storyboard */,
				CF081A68212AD82B0029861C /* Assets.xcassets */,
				CF081A6A212AD82B0029861C /* LaunchScreen.storyboard */,
				CF081A6D212AD82B0029861C /* Info.plist */,
			);
			path = practice04;
			sourceTree = "<group>";
		};
		CF081A75212AD82B0029861C /* practice04Tests */ = {
			isa = PBXGroup;
			children = (
				CF081A76212AD82B0029861C /* practice04Tests.swift */,
				CF081A78212AD82B0029861C /* Info.plist */,
			);
			path = practice04Tests;
			sourceTree = "<group>";
		};
		CF081A80212AD82B0029861C /* practice04UITests */ = {
			isa = PBXGroup;
			children = (
				CF081A81212AD82B0029861C /* practice04UITests.swift */,
				CF081A83212AD82B0029861C /* Info.plist */,
			);
			path = practice04UITests;
			sourceTree = "<group>";
		};
/* End PBXGroup section */

/* Begin PBXNativeTarget section */
		CF081A5D212AD82A0029861C /* practice04 */ = {
			isa = PBXNativeTarget;
			buildConfigurationList = CF081A86212AD82B0029861C /* Build configuration list for PBXNativeTarget "practice04" */;
			buildPhases = (
				CF081A5A212AD82A0029861C /* Sources */,
				CF081A5B212AD82A0029861C /* Frameworks */,
				CF081A5C212AD82A0029861C /* Resources */,
			);
			buildRules = (
			);
			dependencies = (
			);
			name = practice04;
			productName = practice04;
			productReference = CF081A5E212AD82A0029861C /* practice04.app */;
			productType = "com.apple.product-type.application";
		};
		CF081A71212AD82B0029861C /* practice04Tests */ = {
			isa = PBXNativeTarget;
			buildConfigurationList = CF081A89212AD82B0029861C /* Build configuration list for PBXNativeTarget "practice04Tests" */;
			buildPhases = (
				CF081A6E212AD82B0029861C /* Sources */,
				CF081A6F212AD82B0029861C /* Frameworks */,
				CF081A70212AD82B0029861C /* Resources */,
			);
			buildRules = (
			);
			dependencies = (
				CF081A74212AD82B0029861C /* PBXTargetDependency */,
			);
			name = practice04Tests;
			productName = practice04Tests;
			productReference = CF081A72212AD82B0029861C /* practice04Tests.xctest */;
			productType = "com.apple.product-type.bundle.unit-test";
		};
		CF081A7C212AD82B0029861C /* practice04UITests */ = {
			isa = PBXNativeTarget;
			buildConfigurationList = CF081A8C212AD82B0029861C /* Build configuration list for PBXNativeTarget "practice04UITests" */;
			buildPhases = (
				CF081A79212AD82B0029861C /* Sources */,
				CF081A7A212AD82B0029861C /* Frameworks */,
				CF081A7B212AD82B0029861C /* Resources */,
			);
			buildRules = (
			);
			dependencies = (
				CF081A7F212AD82B0029861C /* PBXTargetDependency */,
			);
			name = practice04UITests;
			productName = practice04UITests;
			productReference = CF081A7D212AD82B0029861C /* practice04UITests.xctest */;
			productType = "com.apple.product-type.bundle.ui-testing";
		};
/* End PBXNativeTarget section */

/* Begin PBXProject section */
		CF081A56212AD82A0029861C /* Project object */ = {
			isa = PBXProject;
			attributes = {
				LastSwiftUpdateCheck = 0940;
				LastUpgradeCheck = 0940;
				ORGANIZATIONNAME = "移动支付－刘涛";
				TargetAttributes = {
					CF081A5D212AD82A0029861C = {
						CreatedOnToolsVersion = 9.4.1;
					};
					CF081A71212AD82B0029861C = {
						CreatedOnToolsVersion = 9.4.1;
						TestTargetID = CF081A5D212AD82A0029861C;
					};
					CF081A7C212AD82B0029861C = {
						CreatedOnToolsVersion = 9.4.1;
						TestTargetID = CF081A5D212AD82A0029861C;
					};
				};
			};
			buildConfigurationList = CF081A59212AD82A0029861C /* Build configuration list for PBXProject "practice04" */;
			compatibilityVersion = "Xcode 9.3";
			developmentRegion = en;
			hasScannedForEncodings = 0;
			knownRegions = (
				en,
				Base,
			);
			mainGroup = CF081A55212AD82A0029861C;
			productRefGroup = CF081A5F212AD82A0029861C /* Products */;
			projectDirPath = "";
			projectRoot = "";
			targets = (
				CF081A5D212AD82A0029861C /* practice04 */,
				CF081A71212AD82B0029861C /* practice04Tests */,
				CF081A7C212AD82B0029861C /* practice04UITests */,
			);
		};
/* End PBXProject section */

/* Begin PBXResourcesBuildPhase section */
		CF081A5C212AD82A0029861C /* Resources */ = {
			isa = PBXResourcesBuildPhase;
			buildActionMask = 2147483647;
			files = (
				CF081A6C212AD82B0029861C /* LaunchScreen.storyboard in Resources */,
				CF081A69212AD82B0029861C /* Assets.xcassets in Resources */,
				CF081A67212AD82A0029861C /* Main.storyboard in Resources */,
			);
			runOnlyForDeploymentPostprocessing = 0;
		};
		CF081A70212AD82B0029861C /* Resources */ = {
			isa = PBXResourcesBuildPhase;
			buildActionMask = 2147483647;
			files = (
			);
			runOnlyForDeploymentPostprocessing = 0;
		};
		CF081A7B212AD82B0029861C /* Resources */ = {
			isa = PBXResourcesBuildPhase;
			buildActionMask = 2147483647;
			files = (
			);
			runOnlyForDeploymentPostprocessing = 0;
		};
/* End PBXResourcesBuildPhase section */

/* Begin PBXSourcesBuildPhase section */
		CF081A5A212AD82A0029861C /* Sources */ = {
			isa = PBXSourcesBuildPhase;
			buildActionMask = 2147483647;
			files = (
				CF081A64212AD82A0029861C /* ViewController.swift in Sources */,
				CF081A62212AD82A0029861C /* AppDelegate.swift in Sources */,
				CF081A90212AD9E80029861C /* ToDoItem.swift in Sources */,
			);
			runOnlyForDeploymentPostprocessing = 0;
		};
		CF081A6E212AD82B0029861C /* Sources */ = {
			isa = PBXSourcesBuildPhase;
			buildActionMask = 2147483647;
			files = (
				CF081A77212AD82B0029861C /* practice04Tests.swift in Sources */,
			);
			runOnlyForDeploymentPostprocessing = 0;
		};
		CF081A79212AD82B0029861C /* Sources */ = {
			isa = PBXSourcesBuildPhase;
			buildActionMask = 2147483647;
			files = (
				CF081A82212AD82B0029861C /* practice04UITests.swift in Sources */,
			);
			runOnlyForDeploymentPostprocessing = 0;
		};
/* End PBXSourcesBuildPhase section */

/* Begin PBXTargetDependency section */
		CF081A74212AD82B0029861C /* PBXTargetDependency */ = {
			isa = PBXTargetDependency;
			target = CF081A5D212AD82A0029861C /* practice04 */;
			targetProxy = CF081A73212AD82B0029861C /* PBXContainerItemProxy */;
		};
		CF081A7F212AD82B0029861C /* PBXTargetDependency */ = {
			isa = PBXTargetDependency;
			target = CF081A5D212AD82A0029861C /* practice04 */;
			targetProxy = CF081A7E212AD82B0029861C /* PBXContainerItemProxy */;
		};
/* End PBXTargetDependency section */

/* Begin PBXVariantGroup section */
		CF081A65212AD82A0029861C /* Main.storyboard */ = {
			isa = PBXVariantGroup;
			children = (
				CF081A66212AD82A0029861C /* Base */,
			);
			name = Main.storyboard;
			sourceTree = "<group>";
		};
		CF081A6A212AD82B0029861C /* LaunchScreen.storyboard */ = {
			isa = PBXVariantGroup;
			children = (
				CF081A6B212AD82B0029861C /* Base */,
			);
			name = LaunchScreen.storyboard;
			sourceTree = "<group>";
		};
/* End PBXVariantGroup section */

/* Begin XCBuildConfiguration section */
		CF081A84212AD82B0029861C /* Debug */ = {
			isa = XCBuildConfiguration;
			buildSettings = {
				ALWAYS_SEARCH_USER_PATHS = NO;
				CLANG_ANALYZER_NONNULL = YES;
				CLANG_ANALYZER_NUMBER_OBJECT_CONVERSION = YES_AGGRESSIVE;
				CLANG_CXX_LANGUAGE_STANDARD = "gnu++14";
				CLANG_CXX_LIBRARY = "libc++";
				CLANG_ENABLE_MODULES = YES;
				CLANG_ENABLE_OBJC_ARC = YES;
				CLANG_ENABLE_OBJC_WEAK = YES;
				CLANG_WARN_BLOCK_CAPTURE_AUTORELEASING = YES;
				CLANG_WARN_BOOL_CONVERSION = YES;
				CLANG_WARN_COMMA = YES;
				CLANG_WARN_CONSTANT_CONVERSION = YES;
				CLANG_WARN_DEPRECATED_OBJC_IMPLEMENTATIONS = YES;
				CLANG_WARN_DIRECT_OBJC_ISA_USAGE = YES_ERROR;
				CLANG_WARN_DOCUMENTATION_COMMENTS = YES;
				CLANG_WARN_EMPTY_BODY = YES;
				CLANG_WARN_ENUM_CONVERSION = YES;
				CLANG_WARN_INFINITE_RECURSION = YES;
				CLANG_WARN_INT_CONVERSION = YES;
				CLANG_WARN_NON_LITERAL_NULL_CONVERSION = YES;
				CLANG_WARN_OBJC_IMPLICIT_RETAIN_SELF = YES;
				CLANG_WARN_OBJC_LITERAL_CONVERSION = YES;
				CLANG_WARN_OBJC_ROOT_CLASS = YES_ERROR;
				CLANG_WARN_RANGE_LOOP_ANALYSIS = YES;
				CLANG_WARN_STRICT_PROTOTYPES = YES;
				CLANG_WARN_SUSPICIOUS_MOVE = YES;
				CLANG_WARN_UNGUARDED_AVAILABILITY = YES_AGGRESSIVE;
				CLANG_WARN_UNREACHABLE_CODE = YES;
				CLANG_WARN__DUPLICATE_METHOD_MATCH = YES;
				CODE_SIGN_IDENTITY = "iPhone Developer";
				COPY_PHASE_STRIP = NO;
				DEBUG_INFORMATION_FORMAT = dwarf;
				ENABLE_STRICT_OBJC_MSGSEND = YES;
				ENABLE_TESTABILITY = YES;
				GCC_C_LANGUAGE_STANDARD = gnu11;
				GCC_DYNAMIC_NO_PIC = NO;
				GCC_NO_COMMON_BLOCKS = YES;
				GCC_OPTIMIZATION_LEVEL = 0;
				GCC_PREPROCESSOR_DEFINITIONS = (
					"DEBUG=1",
					"$(inherited)",
				);
				GCC_WARN_64_TO_32_BIT_CONVERSION = YES;
				GCC_WARN_ABOUT_RETURN_TYPE = YES_ERROR;
				GCC_WARN_UNDECLARED_SELECTOR = YES;
				GCC_WARN_UNINITIALIZED_AUTOS = YES_AGGRESSIVE;
				GCC_WARN_UNUSED_FUNCTION = YES;
				GCC_WARN_UNUSED_VARIABLE = YES;
				IPHONEOS_DEPLOYMENT_TARGET = 11.4;
				MTL_ENABLE_DEBUG_INFO = YES;
				ONLY_ACTIVE_ARCH = YES;
				SDKROOT = iphoneos;
				SWIFT_ACTIVE_COMPILATION_CONDITIONS = DEBUG;
				SWIFT_OPTIMIZATION_LEVEL = "-Onone";
			};
			name = Debug;
		};
		CF081A85212AD82B0029861C /* Release */ = {
			isa = XCBuildConfiguration;
			buildSettings = {
				ALWAYS_SEARCH_USER_PATHS = NO;
				CLANG_ANALYZER_NONNULL = YES;
				CLANG_ANALYZER_NUMBER_OBJECT_CONVERSION = YES_AGGRESSIVE;
				CLANG_CXX_LANGUAGE_STANDARD = "gnu++14";
				CLANG_CXX_LIBRARY = "libc++";
				CLANG_ENABLE_MODULES = YES;
				CLANG_ENABLE_OBJC_ARC = YES;
				CLANG_ENABLE_OBJC_WEAK = YES;
				CLANG_WARN_BLOCK_CAPTURE_AUTORELEASING = YES;
				CLANG_WARN_BOOL_CONVERSION = YES;
				CLANG_WARN_COMMA = YES;
				CLANG_WARN_CONSTANT_CONVERSION = YES;
				CLANG_WARN_DEPRECATED_OBJC_IMPLEMENTATIONS = YES;
				CLANG_WARN_DIRECT_OBJC_ISA_USAGE = YES_ERROR;
				CLANG_WARN_DOCUMENTATION_COMMENTS = YES;
				CLANG_WARN_EMPTY_BODY = YES;
				CLANG_WARN_ENUM_CONVERSION = YES;
				CLANG_WARN_INFINITE_RECURSION = YES;
				CLANG_WARN_INT_CONVERSION = YES;
				CLANG_WARN_NON_LITERAL_NULL_CONVERSION = YES;
				CLANG_WARN_OBJC_IMPLICIT_RETAIN_SELF = YES;
				CLANG_WARN_OBJC_LITERAL_CONVERSION = YES;
				CLANG_WARN_OBJC_ROOT_CLASS = YES_ERROR;
				CLANG_WARN_RANGE_LOOP_ANALYSIS = YES;
				CLANG_WARN_STRICT_PROTOTYPES = YES;
				CLANG_WARN_SUSPICIOUS_MOVE = YES;
				CLANG_WARN_UNGUARDED_AVAILABILITY = YES_AGGRESSIVE;
				CLANG_WARN_UNREACHABLE_CODE = YES;
				CLANG_WARN__DUPLICATE_METHOD_MATCH = YES;
				CODE_SIGN_IDENTITY = "iPhone Developer";
				COPY_PHASE_STRIP = NO;
				DEBUG_INFORMATION_FORMAT = "dwarf-with-dsym";
				ENABLE_NS_ASSERTIONS = NO;
				ENABLE_STRICT_OBJC_MSGSEND = YES;
				GCC_C_LANGUAGE_STANDARD = gnu11;
				GCC_NO_COMMON_BLOCKS = YES;
				GCC_WARN_64_TO_32_BIT_CONVERSION = YES;
				GCC_WARN_ABOUT_RETURN_TYPE = YES_ERROR;
				GCC_WARN_UNDECLARED_SELECTOR = YES;
				GCC_WARN_UNINITIALIZED_AUTOS = YES_AGGRESSIVE;
				GCC_WARN_UNUSED_FUNCTION = YES;
				GCC_WARN_UNUSED_VARIABLE = YES;
				IPHONEOS_DEPLOYMENT_TARGET = 11.4;
				MTL_ENABLE_DEBUG_INFO = NO;
				SDKROOT = iphoneos;
				SWIFT_COMPILATION_MODE = wholemodule;
				SWIFT_OPTIMIZATION_LEVEL = "-O";
				VALIDATE_PRODUCT = YES;
			};
			name = Release;
		};
		CF081A87212AD82B0029861C /* Debug */ = {
			isa = XCBuildConfiguration;
			buildSettings = {
				ASSETCATALOG_COMPILER_APPICON_NAME = AppIcon;
				CODE_SIGN_STYLE = Automatic;
				DEVELOPMENT_TEAM = YK9W72FL93;
				INFOPLIST_FILE = practice04/Info.plist;
				LD_RUNPATH_SEARCH_PATHS = (
					"$(inherited)",
					"@executable_path/Frameworks",
				);
				PRODUCT_BUNDLE_IDENTIFIER = LT.practice04;
				PRODUCT_NAME = "$(TARGET_NAME)";
				SWIFT_VERSION = 4.0;
				TARGETED_DEVICE_FAMILY = "1,2";
			};
			name = Debug;
		};
		CF081A88212AD82B0029861C /* Release */ = {
			isa = XCBuildConfiguration;
			buildSettings = {
				ASSETCATALOG_COMPILER_APPICON_NAME = AppIcon;
				CODE_SIGN_STYLE = Automatic;
				DEVELOPMENT_TEAM = YK9W72FL93;
				INFOPLIST_FILE = practice04/Info.plist;
				LD_RUNPATH_SEARCH_PATHS = (
					"$(inherited)",
					"@executable_path/Frameworks",
				);
				PRODUCT_BUNDLE_IDENTIFIER = LT.practice04;
				PRODUCT_NAME = "$(TARGET_NAME)";
				SWIFT_VERSION = 4.0;
				TARGETED_DEVICE_FAMILY = "1,2";
			};
			name = Release;
		};
		CF081A8A212AD82B0029861C /* Debug */ = {
			isa = XCBuildConfiguration;
			buildSettings = {
				ALWAYS_EMBED_SWIFT_STANDARD_LIBRARIES = YES;
				BUNDLE_LOADER = "$(TEST_HOST)";
				CODE_SIGN_STYLE = Automatic;
				DEVELOPMENT_TEAM = YK9W72FL93;
				INFOPLIST_FILE = practice04Tests/Info.plist;
				LD_RUNPATH_SEARCH_PATHS = (
					"$(inherited)",
					"@executable_path/Frameworks",
					"@loader_path/Frameworks",
				);
				PRODUCT_BUNDLE_IDENTIFIER = LT.practice04Tests;
				PRODUCT_NAME = "$(TARGET_NAME)";
				SWIFT_VERSION = 4.0;
				TARGETED_DEVICE_FAMILY = "1,2";
				TEST_HOST = "$(BUILT_PRODUCTS_DIR)/practice04.app/practice04";
			};
			name = Debug;
		};
		CF081A8B212AD82B0029861C /* Release */ = {
			isa = XCBuildConfiguration;
			buildSettings = {
				ALWAYS_EMBED_SWIFT_STANDARD_LIBRARIES = YES;
				BUNDLE_LOADER = "$(TEST_HOST)";
				CODE_SIGN_STYLE = Automatic;
				DEVELOPMENT_TEAM = YK9W72FL93;
				INFOPLIST_FILE = practice04Tests/Info.plist;
				LD_RUNPATH_SEARCH_PATHS = (
					"$(inherited)",
					"@executable_path/Frameworks",
					"@loader_path/Frameworks",
				);
				PRODUCT_BUNDLE_IDENTIFIER = LT.practice04Tests;
				PRODUCT_NAME = "$(TARGET_NAME)";
				SWIFT_VERSION = 4.0;
				TARGETED_DEVICE_FAMILY = "1,2";
				TEST_HOST = "$(BUILT_PRODUCTS_DIR)/practice04.app/practice04";
			};
			name = Release;
		};
		CF081A8D212AD82B0029861C /* Debug */ = {
			isa = XCBuildConfiguration;
			buildSettings = {
				ALWAYS_EMBED_SWIFT_STANDARD_LIBRARIES = YES;
				CODE_SIGN_STYLE = Automatic;
				DEVELOPMENT_TEAM = YK9W72FL93;
				INFOPLIST_FILE = practice04UITests/Info.plist;
				LD_RUNPATH_SEARCH_PATHS = (
					"$(inherited)",
					"@executable_path/Frameworks",
					"@loader_path/Frameworks",
				);
				PRODUCT_BUNDLE_IDENTIFIER = LT.practice04UITests;
				PRODUCT_NAME = "$(TARGET_NAME)";
				SWIFT_VERSION = 4.0;
				TARGETED_DEVICE_FAMILY = "1,2";
				TEST_TARGET_NAME = practice04;
			};
			name = Debug;
		};
		CF081A8E212AD82B0029861C /* Release */ = {
			isa = XCBuildConfiguration;
			buildSettings = {
				ALWAYS_EMBED_SWIFT_STANDARD_LIBRARIES = YES;
				CODE_SIGN_STYLE = Automatic;
				DEVELOPMENT_TEAM = YK9W72FL93;
				INFOPLIST_FILE = practice04UITests/Info.plist;
				LD_RUNPATH_SEARCH_PATHS = (
					"$(inherited)",
					"@executable_path/Frameworks",
					"@loader_path/Frameworks",
				);
				PRODUCT_BUNDLE_IDENTIFIER = LT.practice04UITests;
				PRODUCT_NAME = "$(TARGET_NAME)";
				SWIFT_VERSION = 4.0;
				TARGETED_DEVICE_FAMILY = "1,2";
				TEST_TARGET_NAME = practice04;
			};
			name = Release;
		};
/* End XCBuildConfiguration section */

/* Begin XCConfigurationList section */
		CF081A59212AD82A0029861C /* Build configuration list for PBXProject "practice04" */ = {
			isa = XCConfigurationList;
			buildConfigurations = (
				CF081A84212AD82B0029861C /* Debug */,
				CF081A85212AD82B0029861C /* Release */,
			);
			defaultConfigurationIsVisible = 0;
			defaultConfigurationName = Release;
		};
		CF081A86212AD82B0029861C /* Build configuration list for PBXNativeTarget "practice04" */ = {
			isa = XCConfigurationList;
			buildConfigurations = (
				CF081A87212AD82B0029861C /* Debug */,
				CF081A88212AD82B0029861C /* Release */,
			);
			defaultConfigurationIsVisible = 0;
			defaultConfigurationName = Release;
		};
		CF081A89212AD82B0029861C /* Build configuration list for PBXNativeTarget "practice04Tests" */ = {
			isa = XCConfigurationList;
			buildConfigurations = (
				CF081A8A212AD82B0029861C /* Debug */,
				CF081A8B212AD82B0029861C /* Release */,
			);
			defaultConfigurationIsVisible = 0;
			defaultConfigurationName = Release;
		};
		CF081A8C212AD82B0029861C /* Build configuration list for PBXNativeTarget "practice04UITests" */ = {
			isa = XCConfigurationList;
			buildConfigurations = (
				CF081A8D212AD82B0029861C /* Debug */,
				CF081A8E212AD82B0029861C /* Release */,
			);
			defaultConfigurationIsVisible = 0;
			defaultConfigurationName = Release;
		};
/* End XCConfigurationList section */
	};
	rootObject = CF081A56212AD82A0029861C /* Project object */;
}
