// !$*UTF8*$!
{
	archiveVersion = 1;
	classes = {
	};
	objectVersion = 50;
	objects = {

/* Begin PBXBuildFile section */
		CFD474B5211C5B590040F433 /* AppDelegate.swift in Sources */ = {isa = PBXBuildFile; fileRef = CFD474B4211C5B590040F433 /* AppDelegate.swift */; };
		CFD474B7211C5B590040F433 /* ViewController.swift in Sources */ = {isa = PBXBuildFile; fileRef = CFD474B6211C5B590040F433 /* ViewController.swift */; };
		CFD474BA211C5B590040F433 /* Main.storyboard in Resources */ = {isa = PBXBuildFile; fileRef = CFD474B8211C5B590040F433 /* Main.storyboard */; };
		CFD474BC211C5B5A0040F433 /* Assets.xcassets in Resources */ = {isa = PBXBuildFile; fileRef = CFD474BB211C5B5A0040F433 /* Assets.xcassets */; };
		CFD474BF211C5B5A0040F433 /* LaunchScreen.storyboard in Resources */ = {isa = PBXBuildFile; fileRef = CFD474BD211C5B5A0040F433 /* LaunchScreen.storyboard */; };
		CFD474CA211C5B5A0040F433 /* practice02Tests.swift in Sources */ = {isa = PBXBuildFile; fileRef = CFD474C9211C5B5A0040F433 /* practice02Tests.swift */; };
		CFD474D5211C5B5A0040F433 /* practice02UITests.swift in Sources */ = {isa = PBXBuildFile; fileRef = CFD474D4211C5B5A0040F433 /* practice02UITests.swift */; };
		CFD474E3211C5BB60040F433 /* Stopwatch.swift in Sources */ = {isa = PBXBuildFile; fileRef = CFD474E2211C5BB60040F433 /* Stopwatch.swift */; };
/* End PBXBuildFile section */

/* Begin PBXContainerItemProxy section */
		CFD474C6211C5B5A0040F433 /* PBXContainerItemProxy */ = {
			isa = PBXContainerItemProxy;
			containerPortal = CFD474A9211C5B590040F433 /* Project object */;
			proxyType = 1;
			remoteGlobalIDString = CFD474B0211C5B590040F433;
			remoteInfo = practice02;
		};
		CFD474D1211C5B5A0040F433 /* PBXContainerItemProxy */ = {
			isa = PBXContainerItemProxy;
			containerPortal = CFD474A9211C5B590040F433 /* Project object */;
			proxyType = 1;
			remoteGlobalIDString = CFD474B0211C5B590040F433;
			remoteInfo = practice02;
		};
/* End PBXContainerItemProxy section */

/* Begin PBXFileReference section */
		CFD474B1211C5B590040F433 /* practice02.app */ = {isa = PBXFileReference; explicitFileType = wrapper.application; includeInIndex = 0; path = practice02.app; sourceTree = BUILT_PRODUCTS_DIR; };
		CFD474B4211C5B590040F433 /* AppDelegate.swift */ = {isa = PBXFileReference; lastKnownFileType = sourcecode.swift; path = AppDelegate.swift; sourceTree = "<group>"; };
		CFD474B6211C5B590040F433 /* ViewController.swift */ = {isa = PBXFileReference; lastKnownFileType = sourcecode.swift; path = ViewController.swift; sourceTree = "<group>"; };
		CFD474B9211C5B590040F433 /* Base */ = {isa = PBXFileReference; lastKnownFileType = file.storyboard; name = Base; path = Base.lproj/Main.storyboard; sourceTree = "<group>"; };
		CFD474BB211C5B5A0040F433 /* Assets.xcassets */ = {isa = PBXFileReference; lastKnownFileType = folder.assetcatalog; path = Assets.xcassets; sourceTree = "<group>"; };
		CFD474BE211C5B5A0040F433 /* Base */ = {isa = PBXFileReference; lastKnownFileType = file.storyboard; name = Base; path = Base.lproj/LaunchScreen.storyboard; sourceTree = "<group>"; };
		CFD474C0211C5B5A0040F433 /* Info.plist */ = {isa = PBXFileReference; lastKnownFileType = text.plist.xml; path = Info.plist; sourceTree = "<group>"; };
		CFD474C5211C5B5A0040F433 /* practice02Tests.xctest */ = {isa = PBXFileReference; explicitFileType = wrapper.cfbundle; includeInIndex = 0; path = practice02Tests.xctest; sourceTree = BUILT_PRODUCTS_DIR; };
		CFD474C9211C5B5A0040F433 /* practice02Tests.swift */ = {isa = PBXFileReference; lastKnownFileType = sourcecode.swift; path = practice02Tests.swift; sourceTree = "<group>"; };
		CFD474CB211C5B5A0040F433 /* Info.plist */ = {isa = PBXFileReference; lastKnownFileType = text.plist.xml; path = Info.plist; sourceTree = "<group>"; };
		CFD474D0211C5B5A0040F433 /* practice02UITests.xctest */ = {isa = PBXFileReference; explicitFileType = wrapper.cfbundle; includeInIndex = 0; path = practice02UITests.xctest; sourceTree = BUILT_PRODUCTS_DIR; };
		CFD474D4211C5B5A0040F433 /* practice02UITests.swift */ = {isa = PBXFileReference; lastKnownFileType = sourcecode.swift; path = practice02UITests.swift; sourceTree = "<group>"; };
		CFD474D6211C5B5A0040F433 /* Info.plist */ = {isa = PBXFileReference; lastKnownFileType = text.plist.xml; path = Info.plist; sourceTree = "<group>"; };
		CFD474E2211C5BB60040F433 /* Stopwatch.swift */ = {isa = PBXFileReference; lastKnownFileType = sourcecode.swift; path = Stopwatch.swift; sourceTree = "<group>"; };
/* End PBXFileReference section */

/* Begin PBXFrameworksBuildPhase section */
		CFD474AE211C5B590040F433 /* Frameworks */ = {
			isa = PBXFrameworksBuildPhase;
			buildActionMask = 2147483647;
			files = (
			);
			runOnlyForDeploymentPostprocessing = 0;
		};
		CFD474C2211C5B5A0040F433 /* Frameworks */ = {
			isa = PBXFrameworksBuildPhase;
			buildActionMask = 2147483647;
			files = (
			);
			runOnlyForDeploymentPostprocessing = 0;
		};
		CFD474CD211C5B5A0040F433 /* Frameworks */ = {
			isa = PBXFrameworksBuildPhase;
			buildActionMask = 2147483647;
			files = (
			);
			runOnlyForDeploymentPostprocessing = 0;
		};
/* End PBXFrameworksBuildPhase section */

/* Begin PBXGroup section */
		CFD474A8211C5B590040F433 = {
			isa = PBXGroup;
			children = (
				CFD474B3211C5B590040F433 /* practice02 */,
				CFD474C8211C5B5A0040F433 /* practice02Tests */,
				CFD474D3211C5B5A0040F433 /* practice02UITests */,
				CFD474B2211C5B590040F433 /* Products */,
			);
			sourceTree = "<group>";
		};
		CFD474B2211C5B590040F433 /* Products */ = {
			isa = PBXGroup;
			children = (
				CFD474B1211C5B590040F433 /* practice02.app */,
				CFD474C5211C5B5A0040F433 /* practice02Tests.xctest */,
				CFD474D0211C5B5A0040F433 /* practice02UITests.xctest */,
			);
			name = Products;
			sourceTree = "<group>";
		};
		CFD474B3211C5B590040F433 /* practice02 */ = {
			isa = PBXGroup;
			children = (
				CFD474B4211C5B590040F433 /* AppDelegate.swift */,
				CFD474B6211C5B590040F433 /* ViewController.swift */,
				CFD474E2211C5BB60040F433 /* Stopwatch.swift */,
				CFD474B8211C5B590040F433 /* Main.storyboard */,
				CFD474BB211C5B5A0040F433 /* Assets.xcassets */,
				CFD474BD211C5B5A0040F433 /* LaunchScreen.storyboard */,
				CFD474C0211C5B5A0040F433 /* Info.plist */,
			);
			path = practice02;
			sourceTree = "<group>";
		};
		CFD474C8211C5B5A0040F433 /* practice02Tests */ = {
			isa = PBXGroup;
			children = (
				CFD474C9211C5B5A0040F433 /* practice02Tests.swift */,
				CFD474CB211C5B5A0040F433 /* Info.plist */,
			);
			path = practice02Tests;
			sourceTree = "<group>";
		};
		CFD474D3211C5B5A0040F433 /* practice02UITests */ = {
			isa = PBXGroup;
			children = (
				CFD474D4211C5B5A0040F433 /* practice02UITests.swift */,
				CFD474D6211C5B5A0040F433 /* Info.plist */,
			);
			path = practice02UITests;
			sourceTree = "<group>";
		};
/* End PBXGroup section */

/* Begin PBXNativeTarget section */
		CFD474B0211C5B590040F433 /* practice02 */ = {
			isa = PBXNativeTarget;
			buildConfigurationList = CFD474D9211C5B5A0040F433 /* Build configuration list for PBXNativeTarget "practice02" */;
			buildPhases = (
				CFD474AD211C5B590040F433 /* Sources */,
				CFD474AE211C5B590040F433 /* Frameworks */,
				CFD474AF211C5B590040F433 /* Resources */,
			);
			buildRules = (
			);
			dependencies = (
			);
			name = practice02;
			productName = practice02;
			productReference = CFD474B1211C5B590040F433 /* practice02.app */;
			productType = "com.apple.product-type.application";
		};
		CFD474C4211C5B5A0040F433 /* practice02Tests */ = {
			isa = PBXNativeTarget;
			buildConfigurationList = CFD474DC211C5B5A0040F433 /* Build configuration list for PBXNativeTarget "practice02Tests" */;
			buildPhases = (
				CFD474C1211C5B5A0040F433 /* Sources */,
				CFD474C2211C5B5A0040F433 /* Frameworks */,
				CFD474C3211C5B5A0040F433 /* Resources */,
			);
			buildRules = (
			);
			dependencies = (
				CFD474C7211C5B5A0040F433 /* PBXTargetDependency */,
			);
			name = practice02Tests;
			productName = practice02Tests;
			productReference = CFD474C5211C5B5A0040F433 /* practice02Tests.xctest */;
			productType = "com.apple.product-type.bundle.unit-test";
		};
		CFD474CF211C5B5A0040F433 /* practice02UITests */ = {
			isa = PBXNativeTarget;
			buildConfigurationList = CFD474DF211C5B5A0040F433 /* Build configuration list for PBXNativeTarget "practice02UITests" */;
			buildPhases = (
				CFD474CC211C5B5A0040F433 /* Sources */,
				CFD474CD211C5B5A0040F433 /* Frameworks */,
				CFD474CE211C5B5A0040F433 /* Resources */,
			);
			buildRules = (
			);
			dependencies = (
				CFD474D2211C5B5A0040F433 /* PBXTargetDependency */,
			);
			name = practice02UITests;
			productName = practice02UITests;
			productReference = CFD474D0211C5B5A0040F433 /* practice02UITests.xctest */;
			productType = "com.apple.product-type.bundle.ui-testing";
		};
/* End PBXNativeTarget section */

/* Begin PBXProject section */
		CFD474A9211C5B590040F433 /* Project object */ = {
			isa = PBXProject;
			attributes = {
				LastSwiftUpdateCheck = 0940;
				LastUpgradeCheck = 0940;
				ORGANIZATIONNAME = "移动支付－刘涛";
				TargetAttributes = {
					CFD474B0211C5B590040F433 = {
						CreatedOnToolsVersion = 9.4.1;
					};
					CFD474C4211C5B5A0040F433 = {
						CreatedOnToolsVersion = 9.4.1;
						TestTargetID = CFD474B0211C5B590040F433;
					};
					CFD474CF211C5B5A0040F433 = {
						CreatedOnToolsVersion = 9.4.1;
						TestTargetID = CFD474B0211C5B590040F433;
					};
				};
			};
			buildConfigurationList = CFD474AC211C5B590040F433 /* Build configuration list for PBXProject "practice02" */;
			compatibilityVersion = "Xcode 9.3";
			developmentRegion = en;
			hasScannedForEncodings = 0;
			knownRegions = (
				en,
				Base,
			);
			mainGroup = CFD474A8211C5B590040F433;
			productRefGroup = CFD474B2211C5B590040F433 /* Products */;
			projectDirPath = "";
			projectRoot = "";
			targets = (
				CFD474B0211C5B590040F433 /* practice02 */,
				CFD474C4211C5B5A0040F433 /* practice02Tests */,
				CFD474CF211C5B5A0040F433 /* practice02UITests */,
			);
		};
/* End PBXProject section */

/* Begin PBXResourcesBuildPhase section */
		CFD474AF211C5B590040F433 /* Resources */ = {
			isa = PBXResourcesBuildPhase;
			buildActionMask = 2147483647;
			files = (
				CFD474BF211C5B5A0040F433 /* LaunchScreen.storyboard in Resources */,
				CFD474BC211C5B5A0040F433 /* Assets.xcassets in Resources */,
				CFD474BA211C5B590040F433 /* Main.storyboard in Resources */,
			);
			runOnlyForDeploymentPostprocessing = 0;
		};
		CFD474C3211C5B5A0040F433 /* Resources */ = {
			isa = PBXResourcesBuildPhase;
			buildActionMask = 2147483647;
			files = (
			);
			runOnlyForDeploymentPostprocessing = 0;
		};
		CFD474CE211C5B5A0040F433 /* Resources */ = {
			isa = PBXResourcesBuildPhase;
			buildActionMask = 2147483647;
			files = (
			);
			runOnlyForDeploymentPostprocessing = 0;
		};
/* End PBXResourcesBuildPhase section */

/* Begin PBXSourcesBuildPhase section */
		CFD474AD211C5B590040F433 /* Sources */ = {
			isa = PBXSourcesBuildPhase;
			buildActionMask = 2147483647;
			files = (
				CFD474B7211C5B590040F433 /* ViewController.swift in Sources */,
				CFD474E3211C5BB60040F433 /* Stopwatch.swift in Sources */,
				CFD474B5211C5B590040F433 /* AppDelegate.swift in Sources */,
			);
			runOnlyForDeploymentPostprocessing = 0;
		};
		CFD474C1211C5B5A0040F433 /* Sources */ = {
			isa = PBXSourcesBuildPhase;
			buildActionMask = 2147483647;
			files = (
				CFD474CA211C5B5A0040F433 /* practice02Tests.swift in Sources */,
			);
			runOnlyForDeploymentPostprocessing = 0;
		};
		CFD474CC211C5B5A0040F433 /* Sources */ = {
			isa = PBXSourcesBuildPhase;
			buildActionMask = 2147483647;
			files = (
				CFD474D5211C5B5A0040F433 /* practice02UITests.swift in Sources */,
			);
			runOnlyForDeploymentPostprocessing = 0;
		};
/* End PBXSourcesBuildPhase section */

/* Begin PBXTargetDependency section */
		CFD474C7211C5B5A0040F433 /* PBXTargetDependency */ = {
			isa = PBXTargetDependency;
			target = CFD474B0211C5B590040F433 /* practice02 */;
			targetProxy = CFD474C6211C5B5A0040F433 /* PBXContainerItemProxy */;
		};
		CFD474D2211C5B5A0040F433 /* PBXTargetDependency */ = {
			isa = PBXTargetDependency;
			target = CFD474B0211C5B590040F433 /* practice02 */;
			targetProxy = CFD474D1211C5B5A0040F433 /* PBXContainerItemProxy */;
		};
/* End PBXTargetDependency section */

/* Begin PBXVariantGroup section */
		CFD474B8211C5B590040F433 /* Main.storyboard */ = {
			isa = PBXVariantGroup;
			children = (
				CFD474B9211C5B590040F433 /* Base */,
			);
			name = Main.storyboard;
			sourceTree = "<group>";
		};
		CFD474BD211C5B5A0040F433 /* LaunchScreen.storyboard */ = {
			isa = PBXVariantGroup;
			children = (
				CFD474BE211C5B5A0040F433 /* Base */,
			);
			name = LaunchScreen.storyboard;
			sourceTree = "<group>";
		};
/* End PBXVariantGroup section */

/* Begin XCBuildConfiguration section */
		CFD474D7211C5B5A0040F433 /* Debug */ = {
			isa = XCBuildConfiguration;
			buildSettings = {
				ALWAYS_SEARCH_USER_PATHS = NO;
				CLANG_ANALYZER_NONNULL = YES;
				CLANG_ANALYZER_NUMBER_OBJECT_CONVERSION = YES_AGGRESSIVE;
				CLANG_CXX_LANGUAGE_STANDARD = "gnu++14";
				CLANG_CXX_LIBRARY = "libc++";
				CLANG_ENABLE_MODULES = YES;
				CLANG_ENABLE_OBJC_ARC = YES;
				CLANG_ENABLE_OBJC_WEAK = YES;
				CLANG_WARN_BLOCK_CAPTURE_AUTORELEASING = YES;
				CLANG_WARN_BOOL_CONVERSION = YES;
				CLANG_WARN_COMMA = YES;
				CLANG_WARN_CONSTANT_CONVERSION = YES;
				CLANG_WARN_DEPRECATED_OBJC_IMPLEMENTATIONS = YES;
				CLANG_WARN_DIRECT_OBJC_ISA_USAGE = YES_ERROR;
				CLANG_WARN_DOCUMENTATION_COMMENTS = YES;
				CLANG_WARN_EMPTY_BODY = YES;
				CLANG_WARN_ENUM_CONVERSION = YES;
				CLANG_WARN_INFINITE_RECURSION = YES;
				CLANG_WARN_INT_CONVERSION = YES;
				CLANG_WARN_NON_LITERAL_NULL_CONVERSION = YES;
				CLANG_WARN_OBJC_IMPLICIT_RETAIN_SELF = YES;
				CLANG_WARN_OBJC_LITERAL_CONVERSION = YES;
				CLANG_WARN_OBJC_ROOT_CLASS = YES_ERROR;
				CLANG_WARN_RANGE_LOOP_ANALYSIS = YES;
				CLANG_WARN_STRICT_PROTOTYPES = YES;
				CLANG_WARN_SUSPICIOUS_MOVE = YES;
				CLANG_WARN_UNGUARDED_AVAILABILITY = YES_AGGRESSIVE;
				CLANG_WARN_UNREACHABLE_CODE = YES;
				CLANG_WARN__DUPLICATE_METHOD_MATCH = YES;
				CODE_SIGN_IDENTITY = "iPhone Developer";
				COPY_PHASE_STRIP = NO;
				DEBUG_INFORMATION_FORMAT = dwarf;
				ENABLE_STRICT_OBJC_MSGSEND = YES;
				ENABLE_TESTABILITY = YES;
				GCC_C_LANGUAGE_STANDARD = gnu11;
				GCC_DYNAMIC_NO_PIC = NO;
				GCC_NO_COMMON_BLOCKS = YES;
				GCC_OPTIMIZATION_LEVEL = 0;
				GCC_PREPROCESSOR_DEFINITIONS = (
					"DEBUG=1",
					"$(inherited)",
				);
				GCC_WARN_64_TO_32_BIT_CONVERSION = YES;
				GCC_WARN_ABOUT_RETURN_TYPE = YES_ERROR;
				GCC_WARN_UNDECLARED_SELECTOR = YES;
				GCC_WARN_UNINITIALIZED_AUTOS = YES_AGGRESSIVE;
				GCC_WARN_UNUSED_FUNCTION = YES;
				GCC_WARN_UNUSED_VARIABLE = YES;
				IPHONEOS_DEPLOYMENT_TARGET = 11.4;
				MTL_ENABLE_DEBUG_INFO = YES;
				ONLY_ACTIVE_ARCH = YES;
				SDKROOT = iphoneos;
				SWIFT_ACTIVE_COMPILATION_CONDITIONS = DEBUG;
				SWIFT_OPTIMIZATION_LEVEL = "-Onone";
			};
			name = Debug;
		};
		CFD474D8211C5B5A0040F433 /* Release */ = {
			isa = XCBuildConfiguration;
			buildSettings = {
				ALWAYS_SEARCH_USER_PATHS = NO;
				CLANG_ANALYZER_NONNULL = YES;
				CLANG_ANALYZER_NUMBER_OBJECT_CONVERSION = YES_AGGRESSIVE;
				CLANG_CXX_LANGUAGE_STANDARD = "gnu++14";
				CLANG_CXX_LIBRARY = "libc++";
				CLANG_ENABLE_MODULES = YES;
				CLANG_ENABLE_OBJC_ARC = YES;
				CLANG_ENABLE_OBJC_WEAK = YES;
				CLANG_WARN_BLOCK_CAPTURE_AUTORELEASING = YES;
				CLANG_WARN_BOOL_CONVERSION = YES;
				CLANG_WARN_COMMA = YES;
				CLANG_WARN_CONSTANT_CONVERSION = YES;
				CLANG_WARN_DEPRECATED_OBJC_IMPLEMENTATIONS = YES;
				CLANG_WARN_DIRECT_OBJC_ISA_USAGE = YES_ERROR;
				CLANG_WARN_DOCUMENTATION_COMMENTS = YES;
				CLANG_WARN_EMPTY_BODY = YES;
				CLANG_WARN_ENUM_CONVERSION = YES;
				CLANG_WARN_INFINITE_RECURSION = YES;
				CLANG_WARN_INT_CONVERSION = YES;
				CLANG_WARN_NON_LITERAL_NULL_CONVERSION = YES;
				CLANG_WARN_OBJC_IMPLICIT_RETAIN_SELF = YES;
				CLANG_WARN_OBJC_LITERAL_CONVERSION = YES;
				CLANG_WARN_OBJC_ROOT_CLASS = YES_ERROR;
				CLANG_WARN_RANGE_LOOP_ANALYSIS = YES;
				CLANG_WARN_STRICT_PROTOTYPES = YES;
				CLANG_WARN_SUSPICIOUS_MOVE = YES;
				CLANG_WARN_UNGUARDED_AVAILABILITY = YES_AGGRESSIVE;
				CLANG_WARN_UNREACHABLE_CODE = YES;
				CLANG_WARN__DUPLICATE_METHOD_MATCH = YES;
				CODE_SIGN_IDENTITY = "iPhone Developer";
				COPY_PHASE_STRIP = NO;
				DEBUG_INFORMATION_FORMAT = "dwarf-with-dsym";
				ENABLE_NS_ASSERTIONS = NO;
				ENABLE_STRICT_OBJC_MSGSEND = YES;
				GCC_C_LANGUAGE_STANDARD = gnu11;
				GCC_NO_COMMON_BLOCKS = YES;
				GCC_WARN_64_TO_32_BIT_CONVERSION = YES;
				GCC_WARN_ABOUT_RETURN_TYPE = YES_ERROR;
				GCC_WARN_UNDECLARED_SELECTOR = YES;
				GCC_WARN_UNINITIALIZED_AUTOS = YES_AGGRESSIVE;
				GCC_WARN_UNUSED_FUNCTION = YES;
				GCC_WARN_UNUSED_VARIABLE = YES;
				IPHONEOS_DEPLOYMENT_TARGET = 11.4;
				MTL_ENABLE_DEBUG_INFO = NO;
				SDKROOT = iphoneos;
				SWIFT_COMPILATION_MODE = wholemodule;
				SWIFT_OPTIMIZATION_LEVEL = "-O";
				VALIDATE_PRODUCT = YES;
			};
			name = Release;
		};
		CFD474DA211C5B5A0040F433 /* Debug */ = {
			isa = XCBuildConfiguration;
			buildSettings = {
				ASSETCATALOG_COMPILER_APPICON_NAME = AppIcon;
				CODE_SIGN_STYLE = Automatic;
				DEVELOPMENT_TEAM = YK9W72FL93;
				INFOPLIST_FILE = practice02/Info.plist;
				LD_RUNPATH_SEARCH_PATHS = (
					"$(inherited)",
					"@executable_path/Frameworks",
				);
				PRODUCT_BUNDLE_IDENTIFIER = LT.practice02;
				PRODUCT_NAME = "$(TARGET_NAME)";
				SWIFT_VERSION = 4.0;
				TARGETED_DEVICE_FAMILY = "1,2";
			};
			name = Debug;
		};
		CFD474DB211C5B5A0040F433 /* Release */ = {
			isa = XCBuildConfiguration;
			buildSettings = {
				ASSETCATALOG_COMPILER_APPICON_NAME = AppIcon;
				CODE_SIGN_STYLE = Automatic;
				DEVELOPMENT_TEAM = YK9W72FL93;
				INFOPLIST_FILE = practice02/Info.plist;
				LD_RUNPATH_SEARCH_PATHS = (
					"$(inherited)",
					"@executable_path/Frameworks",
				);
				PRODUCT_BUNDLE_IDENTIFIER = LT.practice02;
				PRODUCT_NAME = "$(TARGET_NAME)";
				SWIFT_VERSION = 4.0;
				TARGETED_DEVICE_FAMILY = "1,2";
			};
			name = Release;
		};
		CFD474DD211C5B5A0040F433 /* Debug */ = {
			isa = XCBuildConfiguration;
			buildSettings = {
				ALWAYS_EMBED_SWIFT_STANDARD_LIBRARIES = YES;
				BUNDLE_LOADER = "$(TEST_HOST)";
				CODE_SIGN_STYLE = Automatic;
				DEVELOPMENT_TEAM = YK9W72FL93;
				INFOPLIST_FILE = practice02Tests/Info.plist;
				LD_RUNPATH_SEARCH_PATHS = (
					"$(inherited)",
					"@executable_path/Frameworks",
					"@loader_path/Frameworks",
				);
				PRODUCT_BUNDLE_IDENTIFIER = LT.practice02Tests;
				PRODUCT_NAME = "$(TARGET_NAME)";
				SWIFT_VERSION = 4.0;
				TARGETED_DEVICE_FAMILY = "1,2";
				TEST_HOST = "$(BUILT_PRODUCTS_DIR)/practice02.app/practice02";
			};
			name = Debug;
		};
		CFD474DE211C5B5A0040F433 /* Release */ = {
			isa = XCBuildConfiguration;
			buildSettings = {
				ALWAYS_EMBED_SWIFT_STANDARD_LIBRARIES = YES;
				BUNDLE_LOADER = "$(TEST_HOST)";
				CODE_SIGN_STYLE = Automatic;
				DEVELOPMENT_TEAM = YK9W72FL93;
				INFOPLIST_FILE = practice02Tests/Info.plist;
				LD_RUNPATH_SEARCH_PATHS = (
					"$(inherited)",
					"@executable_path/Frameworks",
					"@loader_path/Frameworks",
				);
				PRODUCT_BUNDLE_IDENTIFIER = LT.practice02Tests;
				PRODUCT_NAME = "$(TARGET_NAME)";
				SWIFT_VERSION = 4.0;
				TARGETED_DEVICE_FAMILY = "1,2";
				TEST_HOST = "$(BUILT_PRODUCTS_DIR)/practice02.app/practice02";
			};
			name = Release;
		};
		CFD474E0211C5B5A0040F433 /* Debug */ = {
			isa = XCBuildConfiguration;
			buildSettings = {
				ALWAYS_EMBED_SWIFT_STANDARD_LIBRARIES = YES;
				CODE_SIGN_STYLE = Automatic;
				DEVELOPMENT_TEAM = YK9W72FL93;
				INFOPLIST_FILE = practice02UITests/Info.plist;
				LD_RUNPATH_SEARCH_PATHS = (
					"$(inherited)",
					"@executable_path/Frameworks",
					"@loader_path/Frameworks",
				);
				PRODUCT_BUNDLE_IDENTIFIER = LT.practice02UITests;
				PRODUCT_NAME = "$(TARGET_NAME)";
				SWIFT_VERSION = 4.0;
				TARGETED_DEVICE_FAMILY = "1,2";
				TEST_TARGET_NAME = practice02;
			};
			name = Debug;
		};
		CFD474E1211C5B5A0040F433 /* Release */ = {
			isa = XCBuildConfiguration;
			buildSettings = {
				ALWAYS_EMBED_SWIFT_STANDARD_LIBRARIES = YES;
				CODE_SIGN_STYLE = Automatic;
				DEVELOPMENT_TEAM = YK9W72FL93;
				INFOPLIST_FILE = practice02UITests/Info.plist;
				LD_RUNPATH_SEARCH_PATHS = (
					"$(inherited)",
					"@executable_path/Frameworks",
					"@loader_path/Frameworks",
				);
				PRODUCT_BUNDLE_IDENTIFIER = LT.practice02UITests;
				PRODUCT_NAME = "$(TARGET_NAME)";
				SWIFT_VERSION = 4.0;
				TARGETED_DEVICE_FAMILY = "1,2";
				TEST_TARGET_NAME = practice02;
			};
			name = Release;
		};
/* End XCBuildConfiguration section */

/* Begin XCConfigurationList section */
		CFD474AC211C5B590040F433 /* Build configuration list for PBXProject "practice02" */ = {
			isa = XCConfigurationList;
			buildConfigurations = (
				CFD474D7211C5B5A0040F433 /* Debug */,
				CFD474D8211C5B5A0040F433 /* Release */,
			);
			defaultConfigurationIsVisible = 0;
			defaultConfigurationName = Release;
		};
		CFD474D9211C5B5A0040F433 /* Build configuration list for PBXNativeTarget "practice02" */ = {
			isa = XCConfigurationList;
			buildConfigurations = (
				CFD474DA211C5B5A0040F433 /* Debug */,
				CFD474DB211C5B5A0040F433 /* Release */,
			);
			defaultConfigurationIsVisible = 0;
			defaultConfigurationName = Release;
		};
		CFD474DC211C5B5A0040F433 /* Build configuration list for PBXNativeTarget "practice02Tests" */ = {
			isa = XCConfigurationList;
			buildConfigurations = (
				CFD474DD211C5B5A0040F433 /* Debug */,
				CFD474DE211C5B5A0040F433 /* Release */,
			);
			defaultConfigurationIsVisible = 0;
			defaultConfigurationName = Release;
		};
		CFD474DF211C5B5A0040F433 /* Build configuration list for PBXNativeTarget "practice02UITests" */ = {
			isa = XCConfigurationList;
			buildConfigurations = (
				CFD474E0211C5B5A0040F433 /* Debug */,
				CFD474E1211C5B5A0040F433 /* Release */,
			);
			defaultConfigurationIsVisible = 0;
			defaultConfigurationName = Release;
		};
/* End XCConfigurationList section */
	};
	rootObject = CFD474A9211C5B590040F433 /* Project object */;
}
